{
  "name": "YEDI",
  "lockfileVersion": 2,
  "requires": true,
  "packages": {
    "": {
      "dependencies": {
        "jsonata": "^2.0.2"
      }
    },
    "node_modules/jsonata": {
      "version": "2.0.2",
      "resolved": "https://registry.npmjs.org/jsonata/-/jsonata-2.0.2.tgz",
      "integrity": "sha512-CpwbpFNjuuukU+tIR6Qw+fhwQQ5iZGbB/Md8CVaU7/b/SI1RlQQVgf4rIEjoiG9/jDB7C45nKKwHXWKHQxvb7w==",
      "engines": {
        "node": ">= 8"
      }
    }
  },
  "dependencies": {
    "jsonata": {
      "version": "2.0.2",
      "resolved": "https://registry.npmjs.org/jsonata/-/jsonata-2.0.2.tgz",
      "integrity": "sha512-CpwbpFNjuuukU+tIR6Qw+fhwQQ5iZGbB/Md8CVaU7/b/SI1RlQQVgf4rIEjoiG9/jDB7C45nKKwHXWKHQxvb7w=="
    }
  }
}
